
Microsoft Visual Studio Solution File, Format Version 12.00
# Visual Studio Version 16
VisualStudioVersion = 16.0.31624.102
MinimumVisualStudioVersion = 10.0.40219.1
Project("{FAE04EC0-301F-11D3-BF4B-00C04F79EFBC}") = "CustomerApplicationSample", "CustomerApplicationSample\CustomerApplicationSample.csproj", "{0427EB76-F4A1-441D-BF58-7AF3C13B4968}"
EndProject
Global
	GlobalSection(SolutionConfigurationPlatforms) = preSolution
		Debug|Any CPU = Debug|Any CPU
		Release|Any CPU = Release|Any CPU
	EndGlobalSection
	GlobalSection(ProjectConfigurationPlatforms) = postSolution
		{0427EB76-F4A1-441D-BF58-7AF3C13B4968}.Debug|Any CPU.ActiveCfg = Debug|Any CPU
		{0427EB76-F4A1-441D-BF58-7AF3C13B4968}.Debug|Any CPU.Build.0 = Debug|Any CPU
		{0427EB76-F4A1-441D-BF58-7AF3C13B4968}.Release|Any CPU.ActiveCfg = Release|Any CPU
		{0427EB76-F4A1-441D-BF58-7AF3C13B4968}.Release|Any CPU.Build.0 = Release|Any CPU
	EndGlobalSection
	GlobalSection(SolutionProperties) = preSolution
		HideSolutionNode = FALSE
	EndGlobalSection
	GlobalSection(ExtensibilityGlobals) = postSolution
		SolutionGuid = {B77FAF80-00C2-4C19-823B-FEB04CE600D0}
	EndGlobalSection
EndGlobal
